{
  "name": "ngx-msal",
  "version": "7.1.4",
  "lockfileVersion": 1,
  "requires": true,
  "dependencies": {
    "msal": {
      "version": "1.3.0",
      "resolved": "https://registry.npmjs.org/msal/-/msal-1.3.0.tgz",
      "integrity": "sha512-AjZ2jOgOFvapaD9ccNcx3AoyC9e4kN3hZfufqc8sqyBAZ3u58lds7O4gc6aN4QOV2Ag4xtqPVZtc+KS4hBcAwg==",
      "requires": {
        "tslib": "^1.9.3"
      }
    },
    "tslib": {
      "version": "1.10.0",
      "resolved": "https://registry.npmjs.org/tslib/-/tslib-1.10.0.tgz",
      "integrity": "sha512-qOebF53frne81cf0S9B41ByenJ3/IuH8yJKngAX35CmiZySA0khhkovshKK+jGCaMnVomla7gVlIcc3EvKPbTQ=="
    }
  }
}
