{
  "name": "ngx-msal",
  "version": "7.0.6",
  "lockfileVersion": 1,
  "requires": true,
  "dependencies": {
    "msal": {
      "version": "1.3.0-beta.0",
      "resolved": "https://registry.npmjs.org/msal/-/msal-1.3.0-beta.0.tgz",
      "integrity": "sha512-ee6lubiBwgN3I59Q6xVqu3Ujl7Kx6u3LLbpMorfMgOZzfr7dl/5+GKYdvYp40hPuPjFUK7mFHLLyU+aE71VFLg==",
      "requires": {
        "tslib": "^1.9.3"
      }
    },
    "tslib": {
      "version": "1.10.0",
      "resolved": "https://registry.npmjs.org/tslib/-/tslib-1.10.0.tgz",
      "integrity": "sha512-qOebF53frne81cf0S9B41ByenJ3/IuH8yJKngAX35CmiZySA0khhkovshKK+jGCaMnVomla7gVlIcc3EvKPbTQ=="
    }
  }
}
